// !$*UTF8*$!
{
	archiveVersion = 1;
	classes = {
	};
	objectVersion = 46;
	objects = {

/* Begin PBXBuildFile section */
		C528491F1BDE8F5400820D93 /* AppDelegate.swift in Sources */ = {isa = PBXBuildFile; fileRef = C52849171BDE8F5400820D93 /* AppDelegate.swift */; };
		C52849201BDE8F5400820D93 /* Assets.xcassets in Resources */ = {isa = PBXBuildFile; fileRef = C52849181BDE8F5400820D93 /* Assets.xcassets */; };
		C52849211BDE8F5400820D93 /* LaunchScreen.storyboard in Resources */ = {isa = PBXBuildFile; fileRef = C52849191BDE8F5400820D93 /* LaunchScreen.storyboard */; };
		C52849221BDE8F5400820D93 /* Main.storyboard in Resources */ = {isa = PBXBuildFile; fileRef = C528491B1BDE8F5400820D93 /* Main.storyboard */; };
		C52849231BDE8F5400820D93 /* Info.plist in Resources */ = {isa = PBXBuildFile; fileRef = C528491D1BDE8F5400820D93 /* Info.plist */; };
		C52849241BDE8F5400820D93 /* ViewController.swift in Sources */ = {isa = PBXBuildFile; fileRef = C528491E1BDE8F5400820D93 /* ViewController.swift */; };
		C52849281BDE8F5E00820D93 /* WAPullToShare.swift in Sources */ = {isa = PBXBuildFile; fileRef = C52849261BDE8F5E00820D93 /* WAPullToShare.swift */; };
		C52849291BDE8F5E00820D93 /* WAPullToShareStyleKit.swift in Sources */ = {isa = PBXBuildFile; fileRef = C52849271BDE8F5E00820D93 /* WAPullToShareStyleKit.swift */; };
/* End PBXBuildFile section */

/* Begin PBXFileReference section */
		C52848F41BDD700500820D93 /* WAPullToShareExample.app */ = {isa = PBXFileReference; explicitFileType = wrapper.application; includeInIndex = 0; path = WAPullToShareExample.app; sourceTree = BUILT_PRODUCTS_DIR; };
		C52849171BDE8F5400820D93 /* AppDelegate.swift */ = {isa = PBXFileReference; fileEncoding = 4; lastKnownFileType = sourcecode.swift; path = AppDelegate.swift; sourceTree = "<group>"; };
		C52849181BDE8F5400820D93 /* Assets.xcassets */ = {isa = PBXFileReference; lastKnownFileType = folder.assetcatalog; path = Assets.xcassets; sourceTree = "<group>"; };
		C528491A1BDE8F5400820D93 /* Base */ = {isa = PBXFileReference; lastKnownFileType = file.storyboard; name = Base; path = Base.lproj/LaunchScreen.storyboard; sourceTree = "<group>"; };
		C528491C1BDE8F5400820D93 /* Base */ = {isa = PBXFileReference; lastKnownFileType = file.storyboard; name = Base; path = Base.lproj/Main.storyboard; sourceTree = "<group>"; };
		C528491D1BDE8F5400820D93 /* Info.plist */ = {isa = PBXFileReference; fileEncoding = 4; lastKnownFileType = text.plist.xml; path = Info.plist; sourceTree = "<group>"; };
		C528491E1BDE8F5400820D93 /* ViewController.swift */ = {isa = PBXFileReference; fileEncoding = 4; lastKnownFileType = sourcecode.swift; path = ViewController.swift; sourceTree = "<group>"; };
		C52849261BDE8F5E00820D93 /* WAPullToShare.swift */ = {isa = PBXFileReference; fileEncoding = 4; lastKnownFileType = sourcecode.swift; path = WAPullToShare.swift; sourceTree = "<group>"; };
		C52849271BDE8F5E00820D93 /* WAPullToShareStyleKit.swift */ = {isa = PBXFileReference; fileEncoding = 4; lastKnownFileType = sourcecode.swift; path = WAPullToShareStyleKit.swift; sourceTree = "<group>"; };
/* End PBXFileReference section */

/* Begin PBXFrameworksBuildPhase section */
		C52848F11BDD700500820D93 /* Frameworks */ = {
			isa = PBXFrameworksBuildPhase;
			buildActionMask = 2147483647;
			files = (
			);
			runOnlyForDeploymentPostprocessing = 0;
		};
/* End PBXFrameworksBuildPhase section */

/* Begin PBXGroup section */
		C52848EB1BDD700500820D93 = {
			isa = PBXGroup;
			children = (
				C52849161BDE8F5400820D93 /* WAPullToShareExample */,
				C52848F51BDD700500820D93 /* Products */,
			);
			sourceTree = "<group>";
		};
		C52848F51BDD700500820D93 /* Products */ = {
			isa = PBXGroup;
			children = (
				C52848F41BDD700500820D93 /* WAPullToShareExample.app */,
			);
			name = Products;
			sourceTree = "<group>";
		};
		C52849161BDE8F5400820D93 /* WAPullToShareExample */ = {
			isa = PBXGroup;
			children = (
				C52849251BDE8F5E00820D93 /* WAPullToShare */,
				C52849171BDE8F5400820D93 /* AppDelegate.swift */,
				C52849181BDE8F5400820D93 /* Assets.xcassets */,
				C52849191BDE8F5400820D93 /* LaunchScreen.storyboard */,
				C528491B1BDE8F5400820D93 /* Main.storyboard */,
				C528491D1BDE8F5400820D93 /* Info.plist */,
				C528491E1BDE8F5400820D93 /* ViewController.swift */,
			);
			path = WAPullToShareExample;
			sourceTree = "<group>";
		};
		C52849251BDE8F5E00820D93 /* WAPullToShare */ = {
			isa = PBXGroup;
			children = (
				C52849261BDE8F5E00820D93 /* WAPullToShare.swift */,
				C52849271BDE8F5E00820D93 /* WAPullToShareStyleKit.swift */,
			);
			path = WAPullToShare;
			sourceTree = SOURCE_ROOT;
		};
/* End PBXGroup section */

/* Begin PBXNativeTarget section */
		C52848F31BDD700500820D93 /* WAPullToShareExample */ = {
			isa = PBXNativeTarget;
			buildConfigurationList = C52849061BDD700500820D93 /* Build configuration list for PBXNativeTarget "WAPullToShareExample" */;
			buildPhases = (
				C52848F01BDD700500820D93 /* Sources */,
				C52848F11BDD700500820D93 /* Frameworks */,
				C52848F21BDD700500820D93 /* Resources */,
			);
			buildRules = (
			);
			dependencies = (
			);
			name = WAPullToShareExample;
			productName = ITPullToShareExample;
			productReference = C52848F41BDD700500820D93 /* WAPullToShareExample.app */;
			productType = "com.apple.product-type.application";
		};
/* End PBXNativeTarget section */

/* Begin PBXProject section */
		C52848EC1BDD700500820D93 /* Project object */ = {
			isa = PBXProject;
			attributes = {
				LastSwiftUpdateCheck = 0710;
				LastUpgradeCheck = 0710;
				ORGANIZATIONNAME = "Wendy Abrantes";
				TargetAttributes = {
					C52848F31BDD700500820D93 = {
						CreatedOnToolsVersion = 7.1;
						DevelopmentTeam = GGL87HT5RK;
					};
				};
			};
			buildConfigurationList = C52848EF1BDD700500820D93 /* Build configuration list for PBXProject "WAPullToShareExample" */;
			compatibilityVersion = "Xcode 3.2";
			developmentRegion = English;
			hasScannedForEncodings = 0;
			knownRegions = (
				en,
				Base,
			);
			mainGroup = C52848EB1BDD700500820D93;
			productRefGroup = C52848F51BDD700500820D93 /* Products */;
			projectDirPath = "";
			projectRoot = "";
			targets = (
				C52848F31BDD700500820D93 /* WAPullToShareExample */,
			);
		};
/* End PBXProject section */

/* Begin PBXResourcesBuildPhase section */
		C52848F21BDD700500820D93 /* Resources */ = {
			isa = PBXResourcesBuildPhase;
			buildActionMask = 2147483647;
			files = (
				C52849231BDE8F5400820D93 /* Info.plist in Resources */,
				C52849221BDE8F5400820D93 /* Main.storyboard in Resources */,
				C52849201BDE8F5400820D93 /* Assets.xcassets in Resources */,
				C52849211BDE8F5400820D93 /* LaunchScreen.storyboard in Resources */,
			);
			runOnlyForDeploymentPostprocessing = 0;
		};
/* End PBXResourcesBuildPhase section */

/* Begin PBXSourcesBuildPhase section */
		C52848F01BDD700500820D93 /* Sources */ = {
			isa = PBXSourcesBuildPhase;
			buildActionMask = 2147483647;
			files = (
				C52849281BDE8F5E00820D93 /* WAPullToShare.swift in Sources */,
				C52849241BDE8F5400820D93 /* ViewController.swift in Sources */,
				C52849291BDE8F5E00820D93 /* WAPullToShareStyleKit.swift in Sources */,
				C528491F1BDE8F5400820D93 /* AppDelegate.swift in Sources */,
			);
			runOnlyForDeploymentPostprocessing = 0;
		};
/* End PBXSourcesBuildPhase section */

/* Begin PBXVariantGroup section */
		C52849191BDE8F5400820D93 /* LaunchScreen.storyboard */ = {
			isa = PBXVariantGroup;
			children = (
				C528491A1BDE8F5400820D93 /* Base */,
			);
			name = LaunchScreen.storyboard;
			sourceTree = "<group>";
		};
		C528491B1BDE8F5400820D93 /* Main.storyboard */ = {
			isa = PBXVariantGroup;
			children = (
				C528491C1BDE8F5400820D93 /* Base */,
			);
			name = Main.storyboard;
			sourceTree = "<group>";
		};
/* End PBXVariantGroup section */

/* Begin XCBuildConfiguration section */
		C52849041BDD700500820D93 /* Debug */ = {
			isa = XCBuildConfiguration;
			buildSettings = {
				ALWAYS_SEARCH_USER_PATHS = NO;
				CLANG_CXX_LANGUAGE_STANDARD = "gnu++0x";
				CLANG_CXX_LIBRARY = "libc++";
				CLANG_ENABLE_MODULES = YES;
				CLANG_ENABLE_OBJC_ARC = YES;
				CLANG_WARN_BOOL_CONVERSION = YES;
				CLANG_WARN_CONSTANT_CONVERSION = YES;
				CLANG_WARN_DIRECT_OBJC_ISA_USAGE = YES_ERROR;
				CLANG_WARN_EMPTY_BODY = YES;
				CLANG_WARN_ENUM_CONVERSION = YES;
				CLANG_WARN_INT_CONVERSION = YES;
				CLANG_WARN_OBJC_ROOT_CLASS = YES_ERROR;
				CLANG_WARN_UNREACHABLE_CODE = YES;
				CLANG_WARN__DUPLICATE_METHOD_MATCH = YES;
				"CODE_SIGN_IDENTITY[sdk=iphoneos*]" = "iPhone Developer";
				COPY_PHASE_STRIP = NO;
				DEBUG_INFORMATION_FORMAT = dwarf;
				ENABLE_STRICT_OBJC_MSGSEND = YES;
				ENABLE_TESTABILITY = YES;
				GCC_C_LANGUAGE_STANDARD = gnu99;
				GCC_DYNAMIC_NO_PIC = NO;
				GCC_NO_COMMON_BLOCKS = YES;
				GCC_OPTIMIZATION_LEVEL = 0;
				GCC_PREPROCESSOR_DEFINITIONS = (
					"DEBUG=1",
					"$(inherited)",
				);
				GCC_WARN_64_TO_32_BIT_CONVERSION = YES;
				GCC_WARN_ABOUT_RETURN_TYPE = YES_ERROR;
				GCC_WARN_UNDECLARED_SELECTOR = YES;
				GCC_WARN_UNINITIALIZED_AUTOS = YES_AGGRESSIVE;
				GCC_WARN_UNUSED_FUNCTION = YES;
				GCC_WARN_UNUSED_VARIABLE = YES;
				IPHONEOS_DEPLOYMENT_TARGET = 9.1;
				MTL_ENABLE_DEBUG_INFO = YES;
				ONLY_ACTIVE_ARCH = YES;
				SDKROOT = iphoneos;
				SWIFT_OPTIMIZATION_LEVEL = "-Onone";
				TARGETED_DEVICE_FAMILY = "1,2";
			};
			name = Debug;
		};
		C52849051BDD700500820D93 /* Release */ = {
			isa = XCBuildConfiguration;
			buildSettings = {
				ALWAYS_SEARCH_USER_PATHS = NO;
				CLANG_CXX_LANGUAGE_STANDARD = "gnu++0x";
				CLANG_CXX_LIBRARY = "libc++";
				CLANG_ENABLE_MODULES = YES;
				CLANG_ENABLE_OBJC_ARC = YES;
				CLANG_WARN_BOOL_CONVERSION = YES;
				CLANG_WARN_CONSTANT_CONVERSION = YES;
				CLANG_WARN_DIRECT_OBJC_ISA_USAGE = YES_ERROR;
				CLANG_WARN_EMPTY_BODY = YES;
				CLANG_WARN_ENUM_CONVERSION = YES;
				CLANG_WARN_INT_CONVERSION = YES;
				CLANG_WARN_OBJC_ROOT_CLASS = YES_ERROR;
				CLANG_WARN_UNREACHABLE_CODE = YES;
				CLANG_WARN__DUPLICATE_METHOD_MATCH = YES;
				"CODE_SIGN_IDENTITY[sdk=iphoneos*]" = "iPhone Developer";
				COPY_PHASE_STRIP = NO;
				DEBUG_INFORMATION_FORMAT = "dwarf-with-dsym";
				ENABLE_NS_ASSERTIONS = NO;
				ENABLE_STRICT_OBJC_MSGSEND = YES;
				GCC_C_LANGUAGE_STANDARD = gnu99;
				GCC_NO_COMMON_BLOCKS = YES;
				GCC_WARN_64_TO_32_BIT_CONVERSION = YES;
				GCC_WARN_ABOUT_RETURN_TYPE = YES_ERROR;
				GCC_WARN_UNDECLARED_SELECTOR = YES;
				GCC_WARN_UNINITIALIZED_AUTOS = YES_AGGRESSIVE;
				GCC_WARN_UNUSED_FUNCTION = YES;
				GCC_WARN_UNUSED_VARIABLE = YES;
				IPHONEOS_DEPLOYMENT_TARGET = 9.1;
				MTL_ENABLE_DEBUG_INFO = NO;
				SDKROOT = iphoneos;
				TARGETED_DEVICE_FAMILY = "1,2";
				VALIDATE_PRODUCT = YES;
			};
			name = Release;
		};
		C52849071BDD700500820D93 /* Debug */ = {
			isa = XCBuildConfiguration;
			buildSettings = {
				ASSETCATALOG_COMPILER_APPICON_NAME = AppIcon;
				CODE_SIGN_IDENTITY = "iPhone Developer";
				"CODE_SIGN_IDENTITY[sdk=iphoneos*]" = "iPhone Developer";
				FRAMEWORK_SEARCH_PATHS = (
					"$(inherited)",
					"$(PROJECT_DIR)",
				);
				INFOPLIST_FILE = WAPullToShareExample/Info.plist;
				LD_RUNPATH_SEARCH_PATHS = "$(inherited) @executable_path/Frameworks";
				PRODUCT_BUNDLE_IDENTIFIER = com.wenders.WAPullToShareExample;
				PRODUCT_NAME = WAPullToShareExample;
				PROVISIONING_PROFILE = "";
			};
			name = Debug;
		};
		C52849081BDD700500820D93 /* Release */ = {
			isa = XCBuildConfiguration;
			buildSettings = {
				ASSETCATALOG_COMPILER_APPICON_NAME = AppIcon;
				CODE_SIGN_IDENTITY = "iPhone Developer";
				"CODE_SIGN_IDENTITY[sdk=iphoneos*]" = "iPhone Developer";
				FRAMEWORK_SEARCH_PATHS = (
					"$(inherited)",
					"$(PROJECT_DIR)",
				);
				INFOPLIST_FILE = WAPullToShareExample/Info.plist;
				LD_RUNPATH_SEARCH_PATHS = "$(inherited) @executable_path/Frameworks";
				PRODUCT_BUNDLE_IDENTIFIER = com.wenders.WAPullToShareExample;
				PRODUCT_NAME = WAPullToShareExample;
				PROVISIONING_PROFILE = "";
			};
			name = Release;
		};
/* End XCBuildConfiguration section */

/* Begin XCConfigurationList section */
		C52848EF1BDD700500820D93 /* Build configuration list for PBXProject "WAPullToShareExample" */ = {
			isa = XCConfigurationList;
			buildConfigurations = (
				C52849041BDD700500820D93 /* Debug */,
				C52849051BDD700500820D93 /* Release */,
			);
			defaultConfigurationIsVisible = 0;
			defaultConfigurationName = Release;
		};
		C52849061BDD700500820D93 /* Build configuration list for PBXNativeTarget "WAPullToShareExample" */ = {
			isa = XCConfigurationList;
			buildConfigurations = (
				C52849071BDD700500820D93 /* Debug */,
				C52849081BDD700500820D93 /* Release */,
			);
			defaultConfigurationIsVisible = 0;
			defaultConfigurationName = Release;
		};
/* End XCConfigurationList section */
	};
	rootObject = C52848EC1BDD700500820D93 /* Project object */;
}
